
Microsoft Visual Studio Solution File, Format Version 12.00
# Visual Studio 15
VisualStudioVersion = 15.0.28307.421
MinimumVisualStudioVersion = 10.0.40219.1
Project("{FAE04EC0-301F-11D3-BF4B-00C04F79EFBC}") = "LambdaAndTheLINQ", "LambdaAndTheLINQ\LambdaAndTheLINQ.csproj", "{111755AC-B2D6-420B-860E-2C3E326D077B}"
EndProject
Global
	GlobalSection(SolutionConfigurationPlatforms) = preSolution
		Debug|Any CPU = Debug|Any CPU
		Release|Any CPU = Release|Any CPU
	EndGlobalSection
	GlobalSection(ProjectConfigurationPlatforms) = postSolution
		{111755AC-B2D6-420B-860E-2C3E326D077B}.Debug|Any CPU.ActiveCfg = Debug|Any CPU
		{111755AC-B2D6-420B-860E-2C3E326D077B}.Debug|Any CPU.Build.0 = Debug|Any CPU
		{111755AC-B2D6-420B-860E-2C3E326D077B}.Release|Any CPU.ActiveCfg = Release|Any CPU
		{111755AC-B2D6-420B-860E-2C3E326D077B}.Release|Any CPU.Build.0 = Release|Any CPU
	EndGlobalSection
	GlobalSection(SolutionProperties) = preSolution
		HideSolutionNode = FALSE
	EndGlobalSection
	GlobalSection(ExtensibilityGlobals) = postSolution
		SolutionGuid = {4E36C988-678D-4D7A-AFE9-22CD82199575}
	EndGlobalSection
EndGlobal
